
Microsoft Visual Studio Solution File, Format Version 12.00
Project("{2150E333-8FDC-42A3-9474-1A3956D46DE8}") = "Adapters", "Adapters", "{DE27250C-87B1-46EA-A759-72B36D9BC84C}"
EndProject
Project("{2150E333-8FDC-42A3-9474-1A3956D46DE8}") = "Driven", "Driven", "{CF66A75C-3682-448D-9641-CF1BA6E139FF}"
EndProject
Project("{2150E333-8FDC-42A3-9474-1A3956D46DE8}") = "Infrastructure", "Infrastructure", "{537360D9-7229-4F86-9EFD-3876292493EF}"
EndProject
Project("{2150E333-8FDC-42A3-9474-1A3956D46DE8}") = "Drivers", "Drivers", "{27322398-C7C5-4B56-8528-E6CB49F0FC38}"
EndProject
Project("{2150E333-8FDC-42A3-9474-1A3956D46DE8}") = "WebApi", "WebApi", "{B4B9A3E9-8EB5-414E-ACD3-841B92A4A9A3}"
EndProject
Project("{2150E333-8FDC-42A3-9474-1A3956D46DE8}") = "Core", "Core", "{D022F356-74E1-4DE2-981D-99EEFAE1643F}"
EndProject
Project("{2150E333-8FDC-42A3-9474-1A3956D46DE8}") = "Application", "Application", "{28324C84-3016-4F9C-9C46-50874E233D21}"
EndProject
Project("{2150E333-8FDC-42A3-9474-1A3956D46DE8}") = "Domain", "Domain", "{74816148-24E6-4B31-ABC9-9AB8C43EEE5C}"
EndProject
Project("{2150E333-8FDC-42A3-9474-1A3956D46DE8}") = "Crosscutting", "Crosscutting", "{F5D07DF3-BD17-4351-8A99-155E70BF7983}"
EndProject
Project("{2150E333-8FDC-42A3-9474-1A3956D46DE8}") = "Tests", "Tests", "{25862B2A-BD26-4AD0-AE9C-3BBDC9FC28A1}"
EndProject
Project("{FAE04EC0-301F-11D3-BF4B-00C04F79EFBC}") = "TaskManagement.Domain", "TaskManagement.Domain\TaskManagement.Domain.csproj", "{1DB66E7F-F543-4823-9596-862297147C02}"
EndProject
Project("{FAE04EC0-301F-11D3-BF4B-00C04F79EFBC}") = "TaskManagement.Common", "TaskManagement.Common\TaskManagement.Common.csproj", "{D42BB309-F577-4B66-B510-E27BD3900A7E}"
EndProject
Project("{FAE04EC0-301F-11D3-BF4B-00C04F79EFBC}") = "TaskManagement.ORM", "TaskManagement.ORM\TaskManagement.ORM.csproj", "{A92A6055-1915-41B4-A570-F4AEC4D3D652}"
EndProject
Project("{FAE04EC0-301F-11D3-BF4B-00C04F79EFBC}") = "TaskManagement.WebApi", "TaskManagement.WebApi\TaskManagement.WebApi.csproj", "{7E430FA0-2E45-4595-94F9-5FFEBC191CB6}"
EndProject
Project("{2150E333-8FDC-42A3-9474-1A3956D46DE8}") = "Solution Items", "Solution Items", "{213C6F64-FA7A-4398-8EFD-240B96A55B9B}"
	ProjectSection(SolutionItems) = preProject
		compose.yaml = compose.yaml
	EndProjectSection
EndProject
Project("{FAE04EC0-301F-11D3-BF4B-00C04F79EFBC}") = "TaskManagement.Application", "TaskManagement.Application\TaskManagement.Application.csproj", "{35C127BD-3AA8-420F-9201-B086168084C1}"
EndProject
Project("{FAE04EC0-301F-11D3-BF4B-00C04F79EFBC}") = "TestProject1TaskManagement.Test", "TestProject1TaskManagement.Test\TestProject1TaskManagement.Test.csproj", "{ABB2BFA8-1C85-4B59-9BB6-6B7518F7DBD3}"
EndProject
Global
	GlobalSection(SolutionConfigurationPlatforms) = preSolution
		Debug|Any CPU = Debug|Any CPU
		Release|Any CPU = Release|Any CPU
	EndGlobalSection
	GlobalSection(NestedProjects) = preSolution
		{CF66A75C-3682-448D-9641-CF1BA6E139FF} = {DE27250C-87B1-46EA-A759-72B36D9BC84C}
		{537360D9-7229-4F86-9EFD-3876292493EF} = {CF66A75C-3682-448D-9641-CF1BA6E139FF}
		{27322398-C7C5-4B56-8528-E6CB49F0FC38} = {DE27250C-87B1-46EA-A759-72B36D9BC84C}
		{B4B9A3E9-8EB5-414E-ACD3-841B92A4A9A3} = {27322398-C7C5-4B56-8528-E6CB49F0FC38}
		{28324C84-3016-4F9C-9C46-50874E233D21} = {D022F356-74E1-4DE2-981D-99EEFAE1643F}
		{74816148-24E6-4B31-ABC9-9AB8C43EEE5C} = {D022F356-74E1-4DE2-981D-99EEFAE1643F}
		{1DB66E7F-F543-4823-9596-862297147C02} = {74816148-24E6-4B31-ABC9-9AB8C43EEE5C}
		{D42BB309-F577-4B66-B510-E27BD3900A7E} = {F5D07DF3-BD17-4351-8A99-155E70BF7983}
		{A92A6055-1915-41B4-A570-F4AEC4D3D652} = {537360D9-7229-4F86-9EFD-3876292493EF}
		{7E430FA0-2E45-4595-94F9-5FFEBC191CB6} = {B4B9A3E9-8EB5-414E-ACD3-841B92A4A9A3}
		{35C127BD-3AA8-420F-9201-B086168084C1} = {28324C84-3016-4F9C-9C46-50874E233D21}
		{ABB2BFA8-1C85-4B59-9BB6-6B7518F7DBD3} = {25862B2A-BD26-4AD0-AE9C-3BBDC9FC28A1}
	EndGlobalSection
	GlobalSection(ProjectConfigurationPlatforms) = postSolution
		{1DB66E7F-F543-4823-9596-862297147C02}.Debug|Any CPU.ActiveCfg = Debug|Any CPU
		{1DB66E7F-F543-4823-9596-862297147C02}.Debug|Any CPU.Build.0 = Debug|Any CPU
		{1DB66E7F-F543-4823-9596-862297147C02}.Release|Any CPU.ActiveCfg = Release|Any CPU
		{1DB66E7F-F543-4823-9596-862297147C02}.Release|Any CPU.Build.0 = Release|Any CPU
		{D42BB309-F577-4B66-B510-E27BD3900A7E}.Debug|Any CPU.ActiveCfg = Debug|Any CPU
		{D42BB309-F577-4B66-B510-E27BD3900A7E}.Debug|Any CPU.Build.0 = Debug|Any CPU
		{D42BB309-F577-4B66-B510-E27BD3900A7E}.Release|Any CPU.ActiveCfg = Release|Any CPU
		{D42BB309-F577-4B66-B510-E27BD3900A7E}.Release|Any CPU.Build.0 = Release|Any CPU
		{A92A6055-1915-41B4-A570-F4AEC4D3D652}.Debug|Any CPU.ActiveCfg = Debug|Any CPU
		{A92A6055-1915-41B4-A570-F4AEC4D3D652}.Debug|Any CPU.Build.0 = Debug|Any CPU
		{A92A6055-1915-41B4-A570-F4AEC4D3D652}.Release|Any CPU.ActiveCfg = Release|Any CPU
		{A92A6055-1915-41B4-A570-F4AEC4D3D652}.Release|Any CPU.Build.0 = Release|Any CPU
		{7E430FA0-2E45-4595-94F9-5FFEBC191CB6}.Debug|Any CPU.ActiveCfg = Debug|Any CPU
		{7E430FA0-2E45-4595-94F9-5FFEBC191CB6}.Debug|Any CPU.Build.0 = Debug|Any CPU
		{7E430FA0-2E45-4595-94F9-5FFEBC191CB6}.Release|Any CPU.ActiveCfg = Release|Any CPU
		{7E430FA0-2E45-4595-94F9-5FFEBC191CB6}.Release|Any CPU.Build.0 = Release|Any CPU
		{35C127BD-3AA8-420F-9201-B086168084C1}.Debug|Any CPU.ActiveCfg = Debug|Any CPU
		{35C127BD-3AA8-420F-9201-B086168084C1}.Debug|Any CPU.Build.0 = Debug|Any CPU
		{35C127BD-3AA8-420F-9201-B086168084C1}.Release|Any CPU.ActiveCfg = Release|Any CPU
		{35C127BD-3AA8-420F-9201-B086168084C1}.Release|Any CPU.Build.0 = Release|Any CPU
		{ABB2BFA8-1C85-4B59-9BB6-6B7518F7DBD3}.Debug|Any CPU.ActiveCfg = Debug|Any CPU
		{ABB2BFA8-1C85-4B59-9BB6-6B7518F7DBD3}.Debug|Any CPU.Build.0 = Debug|Any CPU
		{ABB2BFA8-1C85-4B59-9BB6-6B7518F7DBD3}.Release|Any CPU.ActiveCfg = Release|Any CPU
		{ABB2BFA8-1C85-4B59-9BB6-6B7518F7DBD3}.Release|Any CPU.Build.0 = Release|Any CPU
	EndGlobalSection
EndGlobal
